{
  "name": "景区优化",
  "lockfileVersion": 3,
  "requires": true,
  "packages": {
    "": {
      "dependencies": {
        "uview-plus": "^3.8.32"
      }
    },
    "node_modules/uview-plus": {
      "version": "3.8.32",
      "resolved": "https://registry.npmmirror.com/uview-plus/-/uview-plus-3.8.32.tgz",
      "integrity": "sha512-x8MomZ5YBFJdF+rY+SXXnbaZQkasLuYuRTlLciV2WinXlNyMEYHgCYdOhFj+XnzvNWo2vfImvIp+tRthQtYpgA==",
      "engines": {
        "HBuilderX": "^3.1.0",
        "uni-app": "^4.66",
        "uni-app-x": ""
      }
    }
  }
}
